
Microsoft Visual Studio Solution File, Format Version 12.00
# Visual Studio 14
VisualStudioVersion = 14.0.25420.1
MinimumVisualStudioVersion = 10.0.40219.1
Project("{FAE04EC0-301F-11D3-BF4B-00C04F79EFBC}") = "JogoVelha2022", "JogoVelha2022\JogoVelha2022.csproj", "{28DB9C2A-C51E-41D7-8C91-B21C59D9EEA5}"
EndProject
Global
	GlobalSection(SolutionConfigurationPlatforms) = preSolution
		Debug|Any CPU = Debug|Any CPU
		Release|Any CPU = Release|Any CPU
	EndGlobalSection
	GlobalSection(ProjectConfigurationPlatforms) = postSolution
		{28DB9C2A-C51E-41D7-8C91-B21C59D9EEA5}.Debug|Any CPU.ActiveCfg = Debug|Any CPU
		{28DB9C2A-C51E-41D7-8C91-B21C59D9EEA5}.Debug|Any CPU.Build.0 = Debug|Any CPU
		{28DB9C2A-C51E-41D7-8C91-B21C59D9EEA5}.Release|Any CPU.ActiveCfg = Release|Any CPU
		{28DB9C2A-C51E-41D7-8C91-B21C59D9EEA5}.Release|Any CPU.Build.0 = Release|Any CPU
	EndGlobalSection
	GlobalSection(SolutionProperties) = preSolution
		HideSolutionNode = FALSE
	EndGlobalSection
EndGlobal
